
Microsoft Visual Studio Solution File, Format Version 12.00
# Visual Studio 15
VisualStudioVersion = 15.0.28307.421
MinimumVisualStudioVersion = 10.0.40219.1
Project("{8BC9CEB8-8B4A-11D0-8D11-00A0C91BC942}") = "HomeWork 3.17.19", "HomeWork 3.17.19\HomeWork 3.17.19.vcxproj", "{59B74F5A-D108-467B-8244-0C21509499BD}"
EndProject
Global
	GlobalSection(SolutionConfigurationPlatforms) = preSolution
		Debug|x64 = Debug|x64
		Debug|x86 = Debug|x86
		Release|x64 = Release|x64
		Release|x86 = Release|x86
	EndGlobalSection
	GlobalSection(ProjectConfigurationPlatforms) = postSolution
		{59B74F5A-D108-467B-8244-0C21509499BD}.Debug|x64.ActiveCfg = Debug|x64
		{59B74F5A-D108-467B-8244-0C21509499BD}.Debug|x64.Build.0 = Debug|x64
		{59B74F5A-D108-467B-8244-0C21509499BD}.Debug|x86.ActiveCfg = Debug|Win32
		{59B74F5A-D108-467B-8244-0C21509499BD}.Debug|x86.Build.0 = Debug|Win32
		{59B74F5A-D108-467B-8244-0C21509499BD}.Release|x64.ActiveCfg = Release|x64
		{59B74F5A-D108-467B-8244-0C21509499BD}.Release|x64.Build.0 = Release|x64
		{59B74F5A-D108-467B-8244-0C21509499BD}.Release|x86.ActiveCfg = Release|Win32
		{59B74F5A-D108-467B-8244-0C21509499BD}.Release|x86.Build.0 = Release|Win32
	EndGlobalSection
	GlobalSection(SolutionProperties) = preSolution
		HideSolutionNode = FALSE
	EndGlobalSection
	GlobalSection(ExtensibilityGlobals) = postSolution
		SolutionGuid = {427143D6-5F5A-444E-BA3A-43FE1954EF1F}
	EndGlobalSection
EndGlobal
