
Microsoft Visual Studio Solution File, Format Version 12.00
# Visual Studio 15
VisualStudioVersion = 15.0.28307.572
MinimumVisualStudioVersion = 10.0.40219.1
Project("{8BC9CEB8-8B4A-11D0-8D11-00A0C91BC942}") = "HomeWork 31.03.19", "HomeWork 31.03.19\HomeWork 31.03.19.vcxproj", "{415C90E7-6739-4140-990B-8EFA70B52EF4}"
EndProject
Global
	GlobalSection(SolutionConfigurationPlatforms) = preSolution
		Debug|x64 = Debug|x64
		Debug|x86 = Debug|x86
		Release|x64 = Release|x64
		Release|x86 = Release|x86
	EndGlobalSection
	GlobalSection(ProjectConfigurationPlatforms) = postSolution
		{415C90E7-6739-4140-990B-8EFA70B52EF4}.Debug|x64.ActiveCfg = Debug|x64
		{415C90E7-6739-4140-990B-8EFA70B52EF4}.Debug|x64.Build.0 = Debug|x64
		{415C90E7-6739-4140-990B-8EFA70B52EF4}.Debug|x86.ActiveCfg = Debug|Win32
		{415C90E7-6739-4140-990B-8EFA70B52EF4}.Debug|x86.Build.0 = Debug|Win32
		{415C90E7-6739-4140-990B-8EFA70B52EF4}.Release|x64.ActiveCfg = Release|x64
		{415C90E7-6739-4140-990B-8EFA70B52EF4}.Release|x64.Build.0 = Release|x64
		{415C90E7-6739-4140-990B-8EFA70B52EF4}.Release|x86.ActiveCfg = Release|Win32
		{415C90E7-6739-4140-990B-8EFA70B52EF4}.Release|x86.Build.0 = Release|Win32
	EndGlobalSection
	GlobalSection(SolutionProperties) = preSolution
		HideSolutionNode = FALSE
	EndGlobalSection
	GlobalSection(ExtensibilityGlobals) = postSolution
		SolutionGuid = {8C256930-3F9B-4E03-9638-B9ED0F401D41}
	EndGlobalSection
EndGlobal
