
Microsoft Visual Studio Solution File, Format Version 12.00
# Visual Studio 15
VisualStudioVersion = 15.0.28307.421
MinimumVisualStudioVersion = 10.0.40219.1
Project("{8BC9CEB8-8B4A-11D0-8D11-00A0C91BC942}") = "ClassWork 4.2.2019", "ClassWork 4.2.2019\ClassWork 4.2.2019.vcxproj", "{1FB6F137-6EE5-4B86-A6E7-8B44105EBBFA}"
EndProject
Global
	GlobalSection(SolutionConfigurationPlatforms) = preSolution
		Debug|x64 = Debug|x64
		Debug|x86 = Debug|x86
		Release|x64 = Release|x64
		Release|x86 = Release|x86
	EndGlobalSection
	GlobalSection(ProjectConfigurationPlatforms) = postSolution
		{1FB6F137-6EE5-4B86-A6E7-8B44105EBBFA}.Debug|x64.ActiveCfg = Debug|x64
		{1FB6F137-6EE5-4B86-A6E7-8B44105EBBFA}.Debug|x64.Build.0 = Debug|x64
		{1FB6F137-6EE5-4B86-A6E7-8B44105EBBFA}.Debug|x86.ActiveCfg = Debug|Win32
		{1FB6F137-6EE5-4B86-A6E7-8B44105EBBFA}.Debug|x86.Build.0 = Debug|Win32
		{1FB6F137-6EE5-4B86-A6E7-8B44105EBBFA}.Release|x64.ActiveCfg = Release|x64
		{1FB6F137-6EE5-4B86-A6E7-8B44105EBBFA}.Release|x64.Build.0 = Release|x64
		{1FB6F137-6EE5-4B86-A6E7-8B44105EBBFA}.Release|x86.ActiveCfg = Release|Win32
		{1FB6F137-6EE5-4B86-A6E7-8B44105EBBFA}.Release|x86.Build.0 = Release|Win32
	EndGlobalSection
	GlobalSection(SolutionProperties) = preSolution
		HideSolutionNode = FALSE
	EndGlobalSection
	GlobalSection(ExtensibilityGlobals) = postSolution
		SolutionGuid = {501C7545-661B-435D-A2C6-31CFF85E8B03}
	EndGlobalSection
EndGlobal
