
Microsoft Visual Studio Solution File, Format Version 12.00
# Visual Studio 15
VisualStudioVersion = 15.0.28307.572
MinimumVisualStudioVersion = 10.0.40219.1
Project("{8BC9CEB8-8B4A-11D0-8D11-00A0C91BC942}") = "Bind button", "Bind button\Bind button.vcxproj", "{32F1B1CD-E8E4-4510-A62E-D69A20A92D7A}"
EndProject
Global
	GlobalSection(SolutionConfigurationPlatforms) = preSolution
		Debug|x64 = Debug|x64
		Debug|x86 = Debug|x86
		Release|x64 = Release|x64
		Release|x86 = Release|x86
	EndGlobalSection
	GlobalSection(ProjectConfigurationPlatforms) = postSolution
		{32F1B1CD-E8E4-4510-A62E-D69A20A92D7A}.Debug|x64.ActiveCfg = Debug|x64
		{32F1B1CD-E8E4-4510-A62E-D69A20A92D7A}.Debug|x64.Build.0 = Debug|x64
		{32F1B1CD-E8E4-4510-A62E-D69A20A92D7A}.Debug|x86.ActiveCfg = Debug|Win32
		{32F1B1CD-E8E4-4510-A62E-D69A20A92D7A}.Debug|x86.Build.0 = Debug|Win32
		{32F1B1CD-E8E4-4510-A62E-D69A20A92D7A}.Release|x64.ActiveCfg = Release|x64
		{32F1B1CD-E8E4-4510-A62E-D69A20A92D7A}.Release|x64.Build.0 = Release|x64
		{32F1B1CD-E8E4-4510-A62E-D69A20A92D7A}.Release|x86.ActiveCfg = Release|Win32
		{32F1B1CD-E8E4-4510-A62E-D69A20A92D7A}.Release|x86.Build.0 = Release|Win32
	EndGlobalSection
	GlobalSection(SolutionProperties) = preSolution
		HideSolutionNode = FALSE
	EndGlobalSection
	GlobalSection(ExtensibilityGlobals) = postSolution
		SolutionGuid = {4BF2FA6B-CD40-4B99-921E-A1EF2C6942B9}
	EndGlobalSection
EndGlobal
